
Microsoft Visual Studio Solution File, Format Version 12.00
# Visual Studio 2013
VisualStudioVersion = 12.0.21005.1
MinimumVisualStudioVersion = 10.0.40219.1
Project("{FAE04EC0-301F-11D3-BF4B-00C04F79EFBC}") = "sweWebServer", "sweWebServer\sweWebServer.csproj", "{6043EDD3-7EE6-4DCC-A67B-204C72DED2A6}"
EndProject
Project("{FAE04EC0-301F-11D3-BF4B-00C04F79EFBC}") = "TemperaturePlugin", "TemperaturePlugin\TemperaturePlugin.csproj", "{A567C902-06E5-4749-908D-F5E66293E074}"
EndProject
Global
	GlobalSection(SolutionConfigurationPlatforms) = preSolution
		Debug|Any CPU = Debug|Any CPU
		Release|Any CPU = Release|Any CPU
	EndGlobalSection
	GlobalSection(ProjectConfigurationPlatforms) = postSolution
		{6043EDD3-7EE6-4DCC-A67B-204C72DED2A6}.Debug|Any CPU.ActiveCfg = Debug|Any CPU
		{6043EDD3-7EE6-4DCC-A67B-204C72DED2A6}.Debug|Any CPU.Build.0 = Debug|Any CPU
		{6043EDD3-7EE6-4DCC-A67B-204C72DED2A6}.Release|Any CPU.ActiveCfg = Release|Any CPU
		{6043EDD3-7EE6-4DCC-A67B-204C72DED2A6}.Release|Any CPU.Build.0 = Release|Any CPU
		{A567C902-06E5-4749-908D-F5E66293E074}.Debug|Any CPU.ActiveCfg = Debug|Any CPU
		{A567C902-06E5-4749-908D-F5E66293E074}.Debug|Any CPU.Build.0 = Debug|Any CPU
		{A567C902-06E5-4749-908D-F5E66293E074}.Release|Any CPU.ActiveCfg = Release|Any CPU
		{A567C902-06E5-4749-908D-F5E66293E074}.Release|Any CPU.Build.0 = Release|Any CPU
	EndGlobalSection
	GlobalSection(SolutionProperties) = preSolution
		HideSolutionNode = FALSE
	EndGlobalSection
EndGlobal
